
Microsoft Visual Studio Solution File, Format Version 12.00
# Visual Studio Version 17
VisualStudioVersion = 17.6.33829.357
MinimumVisualStudioVersion = 10.0.40219.1
Project("{9A19103F-16F7-4668-BE54-9A1E7A4F7556}") = "AgileUdvikling", "AgileUdvikling\AgileUdvikling\AgileUdvikling.csproj", "{752EB858-321C-4FC6-8BD9-BA435A6FF37C}"
EndProject
Global
	GlobalSection(SolutionConfigurationPlatforms) = preSolution
		Debug|Any CPU = Debug|Any CPU
		Release|Any CPU = Release|Any CPU
	EndGlobalSection
	GlobalSection(ProjectConfigurationPlatforms) = postSolution
		{752EB858-321C-4FC6-8BD9-BA435A6FF37C}.Debug|Any CPU.ActiveCfg = Debug|Any CPU
		{752EB858-321C-4FC6-8BD9-BA435A6FF37C}.Debug|Any CPU.Build.0 = Debug|Any CPU
		{752EB858-321C-4FC6-8BD9-BA435A6FF37C}.Release|Any CPU.ActiveCfg = Release|Any CPU
		{752EB858-321C-4FC6-8BD9-BA435A6FF37C}.Release|Any CPU.Build.0 = Release|Any CPU
	EndGlobalSection
	GlobalSection(SolutionProperties) = preSolution
		HideSolutionNode = FALSE
	EndGlobalSection
	GlobalSection(ExtensibilityGlobals) = postSolution
		SolutionGuid = {62B0695F-D4FC-4456-AF79-B8F4EF7A7871}
	EndGlobalSection
EndGlobal
